
Microsoft Visual Studio Solution File, Format Version 12.00
# Visual Studio 15
VisualStudioVersion = 15.0.27703.2047
MinimumVisualStudioVersion = 10.0.40219.1
Project("{9A19103F-16F7-4668-BE54-9A1E7A4F7556}") = "CastleGrimtol", "CastleGrimtol\CastleGrimtol.csproj", "{38C48D7A-80D2-4962-BA8A-62E9FC889181}"
EndProject
Project("{FAE04EC0-301F-11D3-BF4B-00C04F79EFBC}") = "Game", "Game\Game.csproj", "{070C506A-682A-45C6-8A76-666A56D9DD6B}"
EndProject
Global
	GlobalSection(SolutionConfigurationPlatforms) = preSolution
		Debug|Any CPU = Debug|Any CPU
		Release|Any CPU = Release|Any CPU
	EndGlobalSection
	GlobalSection(ProjectConfigurationPlatforms) = postSolution
		{38C48D7A-80D2-4962-BA8A-62E9FC889181}.Debug|Any CPU.ActiveCfg = Debug|Any CPU
		{38C48D7A-80D2-4962-BA8A-62E9FC889181}.Debug|Any CPU.Build.0 = Debug|Any CPU
		{38C48D7A-80D2-4962-BA8A-62E9FC889181}.Release|Any CPU.ActiveCfg = Release|Any CPU
		{38C48D7A-80D2-4962-BA8A-62E9FC889181}.Release|Any CPU.Build.0 = Release|Any CPU
		{070C506A-682A-45C6-8A76-666A56D9DD6B}.Debug|Any CPU.ActiveCfg = Debug|Any CPU
		{070C506A-682A-45C6-8A76-666A56D9DD6B}.Debug|Any CPU.Build.0 = Debug|Any CPU
		{070C506A-682A-45C6-8A76-666A56D9DD6B}.Release|Any CPU.ActiveCfg = Release|Any CPU
		{070C506A-682A-45C6-8A76-666A56D9DD6B}.Release|Any CPU.Build.0 = Release|Any CPU
	EndGlobalSection
	GlobalSection(SolutionProperties) = preSolution
		HideSolutionNode = FALSE
	EndGlobalSection
	GlobalSection(ExtensibilityGlobals) = postSolution
		SolutionGuid = {3B0F2600-579D-408B-AA1B-0FE5EDC8FB9F}
	EndGlobalSection
EndGlobal
